// !$*UTF8*$!
{
	archiveVersion = 1;
	classes = {
	};
	objectVersion = 50;
	objects = {

/* Begin PBXBuildFile section */
		16215600263BC7A500149537 /* AppDelegate.swift in Sources */ = {isa = PBXBuildFile; fileRef = 162155FF263BC7A500149537 /* AppDelegate.swift */; };
		16215602263BC7A500149537 /* SceneDelegate.swift in Sources */ = {isa = PBXBuildFile; fileRef = 16215601263BC7A500149537 /* SceneDelegate.swift */; };
		16215607263BC7A500149537 /* Main.storyboard in Resources */ = {isa = PBXBuildFile; fileRef = 16215605263BC7A500149537 /* Main.storyboard */; };
		1621560A263BC7A500149537 /* Cafe_Manager.xcdatamodeld in Sources */ = {isa = PBXBuildFile; fileRef = 16215608263BC7A500149537 /* Cafe_Manager.xcdatamodeld */; };
		1621560C263BC7A900149537 /* Assets.xcassets in Resources */ = {isa = PBXBuildFile; fileRef = 1621560B263BC7A900149537 /* Assets.xcassets */; };
		1621560F263BC7A900149537 /* LaunchScreen.storyboard in Resources */ = {isa = PBXBuildFile; fileRef = 1621560D263BC7A900149537 /* LaunchScreen.storyboard */; };
		1621561A263BC7AA00149537 /* Cafe_ManagerTests.swift in Sources */ = {isa = PBXBuildFile; fileRef = 16215619263BC7AA00149537 /* Cafe_ManagerTests.swift */; };
		16215625263BC7AA00149537 /* Cafe_ManagerUITests.swift in Sources */ = {isa = PBXBuildFile; fileRef = 16215624263BC7AA00149537 /* Cafe_ManagerUITests.swift */; };
		16215648263BCCDD00149537 /* StoreRootViewController.swift in Sources */ = {isa = PBXBuildFile; fileRef = 16215647263BCCDD00149537 /* StoreRootViewController.swift */; };
/* End PBXBuildFile section */

/* Begin PBXContainerItemProxy section */
		16215616263BC7AA00149537 /* PBXContainerItemProxy */ = {
			isa = PBXContainerItemProxy;
			containerPortal = 162155F4263BC7A400149537 /* Project object */;
			proxyType = 1;
			remoteGlobalIDString = 162155FB263BC7A500149537;
			remoteInfo = "Cafe-Manager";
		};
		16215621263BC7AA00149537 /* PBXContainerItemProxy */ = {
			isa = PBXContainerItemProxy;
			containerPortal = 162155F4263BC7A400149537 /* Project object */;
			proxyType = 1;
			remoteGlobalIDString = 162155FB263BC7A500149537;
			remoteInfo = "Cafe-Manager";
		};
/* End PBXContainerItemProxy section */

/* Begin PBXFileReference section */
		162155FC263BC7A500149537 /* Cafe-Manager.app */ = {isa = PBXFileReference; explicitFileType = wrapper.application; includeInIndex = 0; path = "Cafe-Manager.app"; sourceTree = BUILT_PRODUCTS_DIR; };
		162155FF263BC7A500149537 /* AppDelegate.swift */ = {isa = PBXFileReference; lastKnownFileType = sourcecode.swift; path = AppDelegate.swift; sourceTree = "<group>"; };
		16215601263BC7A500149537 /* SceneDelegate.swift */ = {isa = PBXFileReference; lastKnownFileType = sourcecode.swift; path = SceneDelegate.swift; sourceTree = "<group>"; };
		16215606263BC7A500149537 /* Base */ = {isa = PBXFileReference; lastKnownFileType = file.storyboard; name = Base; path = Base.lproj/Main.storyboard; sourceTree = "<group>"; };
		16215609263BC7A500149537 /* Cafe_Manager.xcdatamodel */ = {isa = PBXFileReference; lastKnownFileType = wrapper.xcdatamodel; path = Cafe_Manager.xcdatamodel; sourceTree = "<group>"; };
		1621560B263BC7A900149537 /* Assets.xcassets */ = {isa = PBXFileReference; lastKnownFileType = folder.assetcatalog; path = Assets.xcassets; sourceTree = "<group>"; };
		1621560E263BC7A900149537 /* Base */ = {isa = PBXFileReference; lastKnownFileType = file.storyboard; name = Base; path = Base.lproj/LaunchScreen.storyboard; sourceTree = "<group>"; };
		16215610263BC7A900149537 /* Info.plist */ = {isa = PBXFileReference; lastKnownFileType = text.plist.xml; path = Info.plist; sourceTree = "<group>"; };
		16215615263BC7AA00149537 /* Cafe-ManagerTests.xctest */ = {isa = PBXFileReference; explicitFileType = wrapper.cfbundle; includeInIndex = 0; path = "Cafe-ManagerTests.xctest"; sourceTree = BUILT_PRODUCTS_DIR; };
		16215619263BC7AA00149537 /* Cafe_ManagerTests.swift */ = {isa = PBXFileReference; lastKnownFileType = sourcecode.swift; path = Cafe_ManagerTests.swift; sourceTree = "<group>"; };
		1621561B263BC7AA00149537 /* Info.plist */ = {isa = PBXFileReference; lastKnownFileType = text.plist.xml; path = Info.plist; sourceTree = "<group>"; };
		16215620263BC7AA00149537 /* Cafe-ManagerUITests.xctest */ = {isa = PBXFileReference; explicitFileType = wrapper.cfbundle; includeInIndex = 0; path = "Cafe-ManagerUITests.xctest"; sourceTree = BUILT_PRODUCTS_DIR; };
		16215624263BC7AA00149537 /* Cafe_ManagerUITests.swift */ = {isa = PBXFileReference; lastKnownFileType = sourcecode.swift; path = Cafe_ManagerUITests.swift; sourceTree = "<group>"; };
		16215626263BC7AA00149537 /* Info.plist */ = {isa = PBXFileReference; lastKnownFileType = text.plist.xml; path = Info.plist; sourceTree = "<group>"; };
		16215647263BCCDD00149537 /* StoreRootViewController.swift */ = {isa = PBXFileReference; lastKnownFileType = sourcecode.swift; path = StoreRootViewController.swift; sourceTree = "<group>"; };
/* End PBXFileReference section */

/* Begin PBXFrameworksBuildPhase section */
		162155F9263BC7A500149537 /* Frameworks */ = {
			isa = PBXFrameworksBuildPhase;
			buildActionMask = 2147483647;
			files = (
			);
			runOnlyForDeploymentPostprocessing = 0;
		};
		16215612263BC7AA00149537 /* Frameworks */ = {
			isa = PBXFrameworksBuildPhase;
			buildActionMask = 2147483647;
			files = (
			);
			runOnlyForDeploymentPostprocessing = 0;
		};
		1621561D263BC7AA00149537 /* Frameworks */ = {
			isa = PBXFrameworksBuildPhase;
			buildActionMask = 2147483647;
			files = (
			);
			runOnlyForDeploymentPostprocessing = 0;
		};
/* End PBXFrameworksBuildPhase section */

/* Begin PBXGroup section */
		162155F3263BC7A400149537 = {
			isa = PBXGroup;
			children = (
				162155FE263BC7A500149537 /* Cafe-Manager */,
				16215618263BC7AA00149537 /* Cafe-ManagerTests */,
				16215623263BC7AA00149537 /* Cafe-ManagerUITests */,
				162155FD263BC7A500149537 /* Products */,
			);
			sourceTree = "<group>";
		};
		162155FD263BC7A500149537 /* Products */ = {
			isa = PBXGroup;
			children = (
				162155FC263BC7A500149537 /* Cafe-Manager.app */,
				16215615263BC7AA00149537 /* Cafe-ManagerTests.xctest */,
				16215620263BC7AA00149537 /* Cafe-ManagerUITests.xctest */,
			);
			name = Products;
			sourceTree = "<group>";
		};
		162155FE263BC7A500149537 /* Cafe-Manager */ = {
			isa = PBXGroup;
			children = (
				16215637263BC7FE00149537 /* Controller */,
				16215636263BC7F000149537 /* Model */,
				16215635263BC7EA00149537 /* View */,
				162155FF263BC7A500149537 /* AppDelegate.swift */,
				16215601263BC7A500149537 /* SceneDelegate.swift */,
				1621560B263BC7A900149537 /* Assets.xcassets */,
				1621560D263BC7A900149537 /* LaunchScreen.storyboard */,
				16215610263BC7A900149537 /* Info.plist */,
				16215608263BC7A500149537 /* Cafe_Manager.xcdatamodeld */,
			);
			path = "Cafe-Manager";
			sourceTree = "<group>";
		};
		16215618263BC7AA00149537 /* Cafe-ManagerTests */ = {
			isa = PBXGroup;
			children = (
				16215619263BC7AA00149537 /* Cafe_ManagerTests.swift */,
				1621561B263BC7AA00149537 /* Info.plist */,
			);
			path = "Cafe-ManagerTests";
			sourceTree = "<group>";
		};
		16215623263BC7AA00149537 /* Cafe-ManagerUITests */ = {
			isa = PBXGroup;
			children = (
				16215624263BC7AA00149537 /* Cafe_ManagerUITests.swift */,
				16215626263BC7AA00149537 /* Info.plist */,
			);
			path = "Cafe-ManagerUITests";
			sourceTree = "<group>";
		};
		16215635263BC7EA00149537 /* View */ = {
			isa = PBXGroup;
			children = (
				16215605263BC7A500149537 /* Main.storyboard */,
			);
			path = View;
			sourceTree = "<group>";
		};
		16215636263BC7F000149537 /* Model */ = {
			isa = PBXGroup;
			children = (
			);
			path = Model;
			sourceTree = "<group>";
		};
		16215637263BC7FE00149537 /* Controller */ = {
			isa = PBXGroup;
			children = (
				1621563B263BCC8E00149537 /* Store */,
			);
			path = Controller;
			sourceTree = "<group>";
		};
		1621563B263BCC8E00149537 /* Store */ = {
			isa = PBXGroup;
			children = (
				16215647263BCCDD00149537 /* StoreRootViewController.swift */,
			);
			path = Store;
			sourceTree = "<group>";
		};
/* End PBXGroup section */

/* Begin PBXNativeTarget section */
		162155FB263BC7A500149537 /* Cafe-Manager */ = {
			isa = PBXNativeTarget;
			buildConfigurationList = 16215629263BC7AA00149537 /* Build configuration list for PBXNativeTarget "Cafe-Manager" */;
			buildPhases = (
				162155F8263BC7A500149537 /* Sources */,
				162155F9263BC7A500149537 /* Frameworks */,
				162155FA263BC7A500149537 /* Resources */,
			);
			buildRules = (
			);
			dependencies = (
			);
			name = "Cafe-Manager";
			productName = "Cafe-Manager";
			productReference = 162155FC263BC7A500149537 /* Cafe-Manager.app */;
			productType = "com.apple.product-type.application";
		};
		16215614263BC7AA00149537 /* Cafe-ManagerTests */ = {
			isa = PBXNativeTarget;
			buildConfigurationList = 1621562C263BC7AA00149537 /* Build configuration list for PBXNativeTarget "Cafe-ManagerTests" */;
			buildPhases = (
				16215611263BC7AA00149537 /* Sources */,
				16215612263BC7AA00149537 /* Frameworks */,
				16215613263BC7AA00149537 /* Resources */,
			);
			buildRules = (
			);
			dependencies = (
				16215617263BC7AA00149537 /* PBXTargetDependency */,
			);
			name = "Cafe-ManagerTests";
			productName = "Cafe-ManagerTests";
			productReference = 16215615263BC7AA00149537 /* Cafe-ManagerTests.xctest */;
			productType = "com.apple.product-type.bundle.unit-test";
		};
		1621561F263BC7AA00149537 /* Cafe-ManagerUITests */ = {
			isa = PBXNativeTarget;
			buildConfigurationList = 1621562F263BC7AA00149537 /* Build configuration list for PBXNativeTarget "Cafe-ManagerUITests" */;
			buildPhases = (
				1621561C263BC7AA00149537 /* Sources */,
				1621561D263BC7AA00149537 /* Frameworks */,
				1621561E263BC7AA00149537 /* Resources */,
			);
			buildRules = (
			);
			dependencies = (
				16215622263BC7AA00149537 /* PBXTargetDependency */,
			);
			name = "Cafe-ManagerUITests";
			productName = "Cafe-ManagerUITests";
			productReference = 16215620263BC7AA00149537 /* Cafe-ManagerUITests.xctest */;
			productType = "com.apple.product-type.bundle.ui-testing";
		};
/* End PBXNativeTarget section */

/* Begin PBXProject section */
		162155F4263BC7A400149537 /* Project object */ = {
			isa = PBXProject;
			attributes = {
				LastSwiftUpdateCheck = 1240;
				LastUpgradeCheck = 1240;
				TargetAttributes = {
					162155FB263BC7A500149537 = {
						CreatedOnToolsVersion = 12.4;
					};
					16215614263BC7AA00149537 = {
						CreatedOnToolsVersion = 12.4;
						TestTargetID = 162155FB263BC7A500149537;
					};
					1621561F263BC7AA00149537 = {
						CreatedOnToolsVersion = 12.4;
						TestTargetID = 162155FB263BC7A500149537;
					};
				};
			};
			buildConfigurationList = 162155F7263BC7A400149537 /* Build configuration list for PBXProject "Cafe-Manager" */;
			compatibilityVersion = "Xcode 9.3";
			developmentRegion = en;
			hasScannedForEncodings = 0;
			knownRegions = (
				en,
				Base,
			);
			mainGroup = 162155F3263BC7A400149537;
			productRefGroup = 162155FD263BC7A500149537 /* Products */;
			projectDirPath = "";
			projectRoot = "";
			targets = (
				162155FB263BC7A500149537 /* Cafe-Manager */,
				16215614263BC7AA00149537 /* Cafe-ManagerTests */,
				1621561F263BC7AA00149537 /* Cafe-ManagerUITests */,
			);
		};
/* End PBXProject section */

/* Begin PBXResourcesBuildPhase section */
		162155FA263BC7A500149537 /* Resources */ = {
			isa = PBXResourcesBuildPhase;
			buildActionMask = 2147483647;
			files = (
				1621560F263BC7A900149537 /* LaunchScreen.storyboard in Resources */,
				1621560C263BC7A900149537 /* Assets.xcassets in Resources */,
				16215607263BC7A500149537 /* Main.storyboard in Resources */,
			);
			runOnlyForDeploymentPostprocessing = 0;
		};
		16215613263BC7AA00149537 /* Resources */ = {
			isa = PBXResourcesBuildPhase;
			buildActionMask = 2147483647;
			files = (
			);
			runOnlyForDeploymentPostprocessing = 0;
		};
		1621561E263BC7AA00149537 /* Resources */ = {
			isa = PBXResourcesBuildPhase;
			buildActionMask = 2147483647;
			files = (
			);
			runOnlyForDeploymentPostprocessing = 0;
		};
/* End PBXResourcesBuildPhase section */

/* Begin PBXSourcesBuildPhase section */
		162155F8263BC7A500149537 /* Sources */ = {
			isa = PBXSourcesBuildPhase;
			buildActionMask = 2147483647;
			files = (
				16215648263BCCDD00149537 /* StoreRootViewController.swift in Sources */,
				16215600263BC7A500149537 /* AppDelegate.swift in Sources */,
				1621560A263BC7A500149537 /* Cafe_Manager.xcdatamodeld in Sources */,
				16215602263BC7A500149537 /* SceneDelegate.swift in Sources */,
			);
			runOnlyForDeploymentPostprocessing = 0;
		};
		16215611263BC7AA00149537 /* Sources */ = {
			isa = PBXSourcesBuildPhase;
			buildActionMask = 2147483647;
			files = (
				1621561A263BC7AA00149537 /* Cafe_ManagerTests.swift in Sources */,
			);
			runOnlyForDeploymentPostprocessing = 0;
		};
		1621561C263BC7AA00149537 /* Sources */ = {
			isa = PBXSourcesBuildPhase;
			buildActionMask = 2147483647;
			files = (
				16215625263BC7AA00149537 /* Cafe_ManagerUITests.swift in Sources */,
			);
			runOnlyForDeploymentPostprocessing = 0;
		};
/* End PBXSourcesBuildPhase section */

/* Begin PBXTargetDependency section */
		16215617263BC7AA00149537 /* PBXTargetDependency */ = {
			isa = PBXTargetDependency;
			target = 162155FB263BC7A500149537 /* Cafe-Manager */;
			targetProxy = 16215616263BC7AA00149537 /* PBXContainerItemProxy */;
		};
		16215622263BC7AA00149537 /* PBXTargetDependency */ = {
			isa = PBXTargetDependency;
			target = 162155FB263BC7A500149537 /* Cafe-Manager */;
			targetProxy = 16215621263BC7AA00149537 /* PBXContainerItemProxy */;
		};
/* End PBXTargetDependency section */

/* Begin PBXVariantGroup section */
		16215605263BC7A500149537 /* Main.storyboard */ = {
			isa = PBXVariantGroup;
			children = (
				16215606263BC7A500149537 /* Base */,
			);
			name = Main.storyboard;
			sourceTree = "<group>";
		};
		1621560D263BC7A900149537 /* LaunchScreen.storyboard */ = {
			isa = PBXVariantGroup;
			children = (
				1621560E263BC7A900149537 /* Base */,
			);
			name = LaunchScreen.storyboard;
			sourceTree = "<group>";
		};
/* End PBXVariantGroup section */

/* Begin XCBuildConfiguration section */
		16215627263BC7AA00149537 /* Debug */ = {
			isa = XCBuildConfiguration;
			buildSettings = {
				ALWAYS_SEARCH_USER_PATHS = NO;
				CLANG_ANALYZER_NONNULL = YES;
				CLANG_ANALYZER_NUMBER_OBJECT_CONVERSION = YES_AGGRESSIVE;
				CLANG_CXX_LANGUAGE_STANDARD = "gnu++14";
				CLANG_CXX_LIBRARY = "libc++";
				CLANG_ENABLE_MODULES = YES;
				CLANG_ENABLE_OBJC_ARC = YES;
				CLANG_ENABLE_OBJC_WEAK = YES;
				CLANG_WARN_BLOCK_CAPTURE_AUTORELEASING = YES;
				CLANG_WARN_BOOL_CONVERSION = YES;
				CLANG_WARN_COMMA = YES;
				CLANG_WARN_CONSTANT_CONVERSION = YES;
				CLANG_WARN_DEPRECATED_OBJC_IMPLEMENTATIONS = YES;
				CLANG_WARN_DIRECT_OBJC_ISA_USAGE = YES_ERROR;
				CLANG_WARN_DOCUMENTATION_COMMENTS = YES;
				CLANG_WARN_EMPTY_BODY = YES;
				CLANG_WARN_ENUM_CONVERSION = YES;
				CLANG_WARN_INFINITE_RECURSION = YES;
				CLANG_WARN_INT_CONVERSION = YES;
				CLANG_WARN_NON_LITERAL_NULL_CONVERSION = YES;
				CLANG_WARN_OBJC_IMPLICIT_RETAIN_SELF = YES;
				CLANG_WARN_OBJC_LITERAL_CONVERSION = YES;
				CLANG_WARN_OBJC_ROOT_CLASS = YES_ERROR;
				CLANG_WARN_QUOTED_INCLUDE_IN_FRAMEWORK_HEADER = YES;
				CLANG_WARN_RANGE_LOOP_ANALYSIS = YES;
				CLANG_WARN_STRICT_PROTOTYPES = YES;
				CLANG_WARN_SUSPICIOUS_MOVE = YES;
				CLANG_WARN_UNGUARDED_AVAILABILITY = YES_AGGRESSIVE;
				CLANG_WARN_UNREACHABLE_CODE = YES;
				CLANG_WARN__DUPLICATE_METHOD_MATCH = YES;
				COPY_PHASE_STRIP = NO;
				DEBUG_INFORMATION_FORMAT = dwarf;
				ENABLE_STRICT_OBJC_MSGSEND = YES;
				ENABLE_TESTABILITY = YES;
				GCC_C_LANGUAGE_STANDARD = gnu11;
				GCC_DYNAMIC_NO_PIC = NO;
				GCC_NO_COMMON_BLOCKS = YES;
				GCC_OPTIMIZATION_LEVEL = 0;
				GCC_PREPROCESSOR_DEFINITIONS = (
					"DEBUG=1",
					"$(inherited)",
				);
				GCC_WARN_64_TO_32_BIT_CONVERSION = YES;
				GCC_WARN_ABOUT_RETURN_TYPE = YES_ERROR;
				GCC_WARN_UNDECLARED_SELECTOR = YES;
				GCC_WARN_UNINITIALIZED_AUTOS = YES_AGGRESSIVE;
				GCC_WARN_UNUSED_FUNCTION = YES;
				GCC_WARN_UNUSED_VARIABLE = YES;
				IPHONEOS_DEPLOYMENT_TARGET = 14.4;
				MTL_ENABLE_DEBUG_INFO = INCLUDE_SOURCE;
				MTL_FAST_MATH = YES;
				ONLY_ACTIVE_ARCH = YES;
				SDKROOT = iphoneos;
				SWIFT_ACTIVE_COMPILATION_CONDITIONS = DEBUG;
				SWIFT_OPTIMIZATION_LEVEL = "-Onone";
			};
			name = Debug;
		};
		16215628263BC7AA00149537 /* Release */ = {
			isa = XCBuildConfiguration;
			buildSettings = {
				ALWAYS_SEARCH_USER_PATHS = NO;
				CLANG_ANALYZER_NONNULL = YES;
				CLANG_ANALYZER_NUMBER_OBJECT_CONVERSION = YES_AGGRESSIVE;
				CLANG_CXX_LANGUAGE_STANDARD = "gnu++14";
				CLANG_CXX_LIBRARY = "libc++";
				CLANG_ENABLE_MODULES = YES;
				CLANG_ENABLE_OBJC_ARC = YES;
				CLANG_ENABLE_OBJC_WEAK = YES;
				CLANG_WARN_BLOCK_CAPTURE_AUTORELEASING = YES;
				CLANG_WARN_BOOL_CONVERSION = YES;
				CLANG_WARN_COMMA = YES;
				CLANG_WARN_CONSTANT_CONVERSION = YES;
				CLANG_WARN_DEPRECATED_OBJC_IMPLEMENTATIONS = YES;
				CLANG_WARN_DIRECT_OBJC_ISA_USAGE = YES_ERROR;
				CLANG_WARN_DOCUMENTATION_COMMENTS = YES;
				CLANG_WARN_EMPTY_BODY = YES;
				CLANG_WARN_ENUM_CONVERSION = YES;
				CLANG_WARN_INFINITE_RECURSION = YES;
				CLANG_WARN_INT_CONVERSION = YES;
				CLANG_WARN_NON_LITERAL_NULL_CONVERSION = YES;
				CLANG_WARN_OBJC_IMPLICIT_RETAIN_SELF = YES;
				CLANG_WARN_OBJC_LITERAL_CONVERSION = YES;
				CLANG_WARN_OBJC_ROOT_CLASS = YES_ERROR;
				CLANG_WARN_QUOTED_INCLUDE_IN_FRAMEWORK_HEADER = YES;
				CLANG_WARN_RANGE_LOOP_ANALYSIS = YES;
				CLANG_WARN_STRICT_PROTOTYPES = YES;
				CLANG_WARN_SUSPICIOUS_MOVE = YES;
				CLANG_WARN_UNGUARDED_AVAILABILITY = YES_AGGRESSIVE;
				CLANG_WARN_UNREACHABLE_CODE = YES;
				CLANG_WARN__DUPLICATE_METHOD_MATCH = YES;
				COPY_PHASE_STRIP = NO;
				DEBUG_INFORMATION_FORMAT = "dwarf-with-dsym";
				ENABLE_NS_ASSERTIONS = NO;
				ENABLE_STRICT_OBJC_MSGSEND = YES;
				GCC_C_LANGUAGE_STANDARD = gnu11;
				GCC_NO_COMMON_BLOCKS = YES;
				GCC_WARN_64_TO_32_BIT_CONVERSION = YES;
				GCC_WARN_ABOUT_RETURN_TYPE = YES_ERROR;
				GCC_WARN_UNDECLARED_SELECTOR = YES;
				GCC_WARN_UNINITIALIZED_AUTOS = YES_AGGRESSIVE;
				GCC_WARN_UNUSED_FUNCTION = YES;
				GCC_WARN_UNUSED_VARIABLE = YES;
				IPHONEOS_DEPLOYMENT_TARGET = 14.4;
				MTL_ENABLE_DEBUG_INFO = NO;
				MTL_FAST_MATH = YES;
				SDKROOT = iphoneos;
				SWIFT_COMPILATION_MODE = wholemodule;
				SWIFT_OPTIMIZATION_LEVEL = "-O";
				VALIDATE_PRODUCT = YES;
			};
			name = Release;
		};
		1621562A263BC7AA00149537 /* Debug */ = {
			isa = XCBuildConfiguration;
			buildSettings = {
				ASSETCATALOG_COMPILER_APPICON_NAME = AppIcon;
				ASSETCATALOG_COMPILER_GLOBAL_ACCENT_COLOR_NAME = AccentColor;
				CODE_SIGN_STYLE = Automatic;
				INFOPLIST_FILE = "Cafe-Manager/Info.plist";
				LD_RUNPATH_SEARCH_PATHS = (
					"$(inherited)",
					"@executable_path/Frameworks",
				);
				PRODUCT_BUNDLE_IDENTIFIER = "nibm-course-work.Cafe-Manager";
				PRODUCT_NAME = "$(TARGET_NAME)";
				SWIFT_VERSION = 5.0;
				TARGETED_DEVICE_FAMILY = "1,2";
			};
			name = Debug;
		};
		1621562B263BC7AA00149537 /* Release */ = {
			isa = XCBuildConfiguration;
			buildSettings = {
				ASSETCATALOG_COMPILER_APPICON_NAME = AppIcon;
				ASSETCATALOG_COMPILER_GLOBAL_ACCENT_COLOR_NAME = AccentColor;
				CODE_SIGN_STYLE = Automatic;
				INFOPLIST_FILE = "Cafe-Manager/Info.plist";
				LD_RUNPATH_SEARCH_PATHS = (
					"$(inherited)",
					"@executable_path/Frameworks",
				);
				PRODUCT_BUNDLE_IDENTIFIER = "nibm-course-work.Cafe-Manager";
				PRODUCT_NAME = "$(TARGET_NAME)";
				SWIFT_VERSION = 5.0;
				TARGETED_DEVICE_FAMILY = "1,2";
			};
			name = Release;
		};
		1621562D263BC7AA00149537 /* Debug */ = {
			isa = XCBuildConfiguration;
			buildSettings = {
				ALWAYS_EMBED_SWIFT_STANDARD_LIBRARIES = YES;
				BUNDLE_LOADER = "$(TEST_HOST)";
				CODE_SIGN_STYLE = Automatic;
				INFOPLIST_FILE = "Cafe-ManagerTests/Info.plist";
				IPHONEOS_DEPLOYMENT_TARGET = 14.4;
				LD_RUNPATH_SEARCH_PATHS = (
					"$(inherited)",
					"@executable_path/Frameworks",
					"@loader_path/Frameworks",
				);
				PRODUCT_BUNDLE_IDENTIFIER = "nibm-course-work.Cafe-ManagerTests";
				PRODUCT_NAME = "$(TARGET_NAME)";
				SWIFT_VERSION = 5.0;
				TARGETED_DEVICE_FAMILY = "1,2";
				TEST_HOST = "$(BUILT_PRODUCTS_DIR)/Cafe-Manager.app/Cafe-Manager";
			};
			name = Debug;
		};
		1621562E263BC7AA00149537 /* Release */ = {
			isa = XCBuildConfiguration;
			buildSettings = {
				ALWAYS_EMBED_SWIFT_STANDARD_LIBRARIES = YES;
				BUNDLE_LOADER = "$(TEST_HOST)";
				CODE_SIGN_STYLE = Automatic;
				INFOPLIST_FILE = "Cafe-ManagerTests/Info.plist";
				IPHONEOS_DEPLOYMENT_TARGET = 14.4;
				LD_RUNPATH_SEARCH_PATHS = (
					"$(inherited)",
					"@executable_path/Frameworks",
					"@loader_path/Frameworks",
				);
				PRODUCT_BUNDLE_IDENTIFIER = "nibm-course-work.Cafe-ManagerTests";
				PRODUCT_NAME = "$(TARGET_NAME)";
				SWIFT_VERSION = 5.0;
				TARGETED_DEVICE_FAMILY = "1,2";
				TEST_HOST = "$(BUILT_PRODUCTS_DIR)/Cafe-Manager.app/Cafe-Manager";
			};
			name = Release;
		};
		16215630263BC7AA00149537 /* Debug */ = {
			isa = XCBuildConfiguration;
			buildSettings = {
				ALWAYS_EMBED_SWIFT_STANDARD_LIBRARIES = YES;
				CODE_SIGN_STYLE = Automatic;
				INFOPLIST_FILE = "Cafe-ManagerUITests/Info.plist";
				LD_RUNPATH_SEARCH_PATHS = (
					"$(inherited)",
					"@executable_path/Frameworks",
					"@loader_path/Frameworks",
				);
				PRODUCT_BUNDLE_IDENTIFIER = "nibm-course-work.Cafe-ManagerUITests";
				PRODUCT_NAME = "$(TARGET_NAME)";
				SWIFT_VERSION = 5.0;
				TARGETED_DEVICE_FAMILY = "1,2";
				TEST_TARGET_NAME = "Cafe-Manager";
			};
			name = Debug;
		};
		16215631263BC7AA00149537 /* Release */ = {
			isa = XCBuildConfiguration;
			buildSettings = {
				ALWAYS_EMBED_SWIFT_STANDARD_LIBRARIES = YES;
				CODE_SIGN_STYLE = Automatic;
				INFOPLIST_FILE = "Cafe-ManagerUITests/Info.plist";
				LD_RUNPATH_SEARCH_PATHS = (
					"$(inherited)",
					"@executable_path/Frameworks",
					"@loader_path/Frameworks",
				);
				PRODUCT_BUNDLE_IDENTIFIER = "nibm-course-work.Cafe-ManagerUITests";
				PRODUCT_NAME = "$(TARGET_NAME)";
				SWIFT_VERSION = 5.0;
				TARGETED_DEVICE_FAMILY = "1,2";
				TEST_TARGET_NAME = "Cafe-Manager";
			};
			name = Release;
		};
/* End XCBuildConfiguration section */

/* Begin XCConfigurationList section */
		162155F7263BC7A400149537 /* Build configuration list for PBXProject "Cafe-Manager" */ = {
			isa = XCConfigurationList;
			buildConfigurations = (
				16215627263BC7AA00149537 /* Debug */,
				16215628263BC7AA00149537 /* Release */,
			);
			defaultConfigurationIsVisible = 0;
			defaultConfigurationName = Release;
		};
		16215629263BC7AA00149537 /* Build configuration list for PBXNativeTarget "Cafe-Manager" */ = {
			isa = XCConfigurationList;
			buildConfigurations = (
				1621562A263BC7AA00149537 /* Debug */,
				1621562B263BC7AA00149537 /* Release */,
			);
			defaultConfigurationIsVisible = 0;
			defaultConfigurationName = Release;
		};
		1621562C263BC7AA00149537 /* Build configuration list for PBXNativeTarget "Cafe-ManagerTests" */ = {
			isa = XCConfigurationList;
			buildConfigurations = (
				1621562D263BC7AA00149537 /* Debug */,
				1621562E263BC7AA00149537 /* Release */,
			);
			defaultConfigurationIsVisible = 0;
			defaultConfigurationName = Release;
		};
		1621562F263BC7AA00149537 /* Build configuration list for PBXNativeTarget "Cafe-ManagerUITests" */ = {
			isa = XCConfigurationList;
			buildConfigurations = (
				16215630263BC7AA00149537 /* Debug */,
				16215631263BC7AA00149537 /* Release */,
			);
			defaultConfigurationIsVisible = 0;
			defaultConfigurationName = Release;
		};
/* End XCConfigurationList section */

/* Begin XCVersionGroup section */
		16215608263BC7A500149537 /* Cafe_Manager.xcdatamodeld */ = {
			isa = XCVersionGroup;
			children = (
				16215609263BC7A500149537 /* Cafe_Manager.xcdatamodel */,
			);
			currentVersion = 16215609263BC7A500149537 /* Cafe_Manager.xcdatamodel */;
			path = Cafe_Manager.xcdatamodeld;
			sourceTree = "<group>";
			versionGroupType = wrapper.xcdatamodel;
		};
/* End XCVersionGroup section */
	};
	rootObject = 162155F4263BC7A400149537 /* Project object */;
}
